
Microsoft Visual Studio Solution File, Format Version 12.00
# Visual Studio Version 17
VisualStudioVersion = 17.5.33424.131
MinimumVisualStudioVersion = 10.0.40219.1
Project("{9A19103F-16F7-4668-BE54-9A1E7A4F7556}") = "RestClient", "src\RestClient\RestClient.csproj", "{F0BBA4C1-D21E-4BB5-AD2E-5B59CF90137D}"
EndProject
Project("{9A19103F-16F7-4668-BE54-9A1E7A4F7556}") = "RestClient.Moq", "src\RestClient.Moq\RestClient.Moq.csproj", "{7BFF7967-4CD5-4961-8EC3-42E467365F9A}"
EndProject
Project("{9A19103F-16F7-4668-BE54-9A1E7A4F7556}") = "RestClient.Test", "src\RestClient.Test\RestClient.Test.csproj", "{8881C818-341A-419B-AA14-3B850A5550BA}"
EndProject
Project("{2150E333-8FDC-42A3-9474-1A3956D46DE8}") = "Solution Items", "Solution Items", "{FA31ED55-0A50-4AAD-AA4B-74013DE50991}"
	ProjectSection(SolutionItems) = preProject
		.github\workflows\dotnet.yml = .github\workflows\dotnet.yml
	EndProjectSection
EndProject
Global
	GlobalSection(SolutionConfigurationPlatforms) = preSolution
		Debug|Any CPU = Debug|Any CPU
		Release|Any CPU = Release|Any CPU
	EndGlobalSection
	GlobalSection(ProjectConfigurationPlatforms) = postSolution
		{F0BBA4C1-D21E-4BB5-AD2E-5B59CF90137D}.Debug|Any CPU.ActiveCfg = Debug|Any CPU
		{F0BBA4C1-D21E-4BB5-AD2E-5B59CF90137D}.Debug|Any CPU.Build.0 = Debug|Any CPU
		{F0BBA4C1-D21E-4BB5-AD2E-5B59CF90137D}.Release|Any CPU.ActiveCfg = Release|Any CPU
		{F0BBA4C1-D21E-4BB5-AD2E-5B59CF90137D}.Release|Any CPU.Build.0 = Release|Any CPU
		{7BFF7967-4CD5-4961-8EC3-42E467365F9A}.Debug|Any CPU.ActiveCfg = Debug|Any CPU
		{7BFF7967-4CD5-4961-8EC3-42E467365F9A}.Debug|Any CPU.Build.0 = Debug|Any CPU
		{7BFF7967-4CD5-4961-8EC3-42E467365F9A}.Release|Any CPU.ActiveCfg = Release|Any CPU
		{7BFF7967-4CD5-4961-8EC3-42E467365F9A}.Release|Any CPU.Build.0 = Release|Any CPU
		{8881C818-341A-419B-AA14-3B850A5550BA}.Debug|Any CPU.ActiveCfg = Debug|Any CPU
		{8881C818-341A-419B-AA14-3B850A5550BA}.Debug|Any CPU.Build.0 = Debug|Any CPU
		{8881C818-341A-419B-AA14-3B850A5550BA}.Release|Any CPU.ActiveCfg = Release|Any CPU
		{8881C818-341A-419B-AA14-3B850A5550BA}.Release|Any CPU.Build.0 = Release|Any CPU
	EndGlobalSection
	GlobalSection(SolutionProperties) = preSolution
		HideSolutionNode = FALSE
	EndGlobalSection
	GlobalSection(ExtensibilityGlobals) = postSolution
		SolutionGuid = {000CF619-F8C8-45A8-8A68-7285E5CEC29B}
	EndGlobalSection
EndGlobal
